
Microsoft Visual Studio Solution File, Format Version 12.00
# Visual Studio Version 16
VisualStudioVersion = 16.0.30225.117
MinimumVisualStudioVersion = 10.0.40219.1
Project("{9A19103F-16F7-4668-BE54-9A1E7A4F7556}") = "Airport", "Airport\Airport.csproj", "{E3566CE0-0545-4475-9EB6-3337C1BBB7C2}"
EndProject
Project("{FAE04EC0-301F-11D3-BF4B-00C04F79EFBC}") = "Airport.Test", "Airport.Test\Airport.Test.csproj", "{3BB4DB1D-4877-42BB-A5E6-0483C4D075D1}"
EndProject
Global
	GlobalSection(SolutionConfigurationPlatforms) = preSolution
		Debug|Any CPU = Debug|Any CPU
		Release|Any CPU = Release|Any CPU
	EndGlobalSection
	GlobalSection(ProjectConfigurationPlatforms) = postSolution
		{E3566CE0-0545-4475-9EB6-3337C1BBB7C2}.Debug|Any CPU.ActiveCfg = Debug|Any CPU
		{E3566CE0-0545-4475-9EB6-3337C1BBB7C2}.Debug|Any CPU.Build.0 = Debug|Any CPU
		{E3566CE0-0545-4475-9EB6-3337C1BBB7C2}.Release|Any CPU.ActiveCfg = Release|Any CPU
		{E3566CE0-0545-4475-9EB6-3337C1BBB7C2}.Release|Any CPU.Build.0 = Release|Any CPU
		{3BB4DB1D-4877-42BB-A5E6-0483C4D075D1}.Debug|Any CPU.ActiveCfg = Debug|Any CPU
		{3BB4DB1D-4877-42BB-A5E6-0483C4D075D1}.Debug|Any CPU.Build.0 = Debug|Any CPU
		{3BB4DB1D-4877-42BB-A5E6-0483C4D075D1}.Release|Any CPU.ActiveCfg = Release|Any CPU
		{3BB4DB1D-4877-42BB-A5E6-0483C4D075D1}.Release|Any CPU.Build.0 = Release|Any CPU
	EndGlobalSection
	GlobalSection(SolutionProperties) = preSolution
		HideSolutionNode = FALSE
	EndGlobalSection
	GlobalSection(ExtensibilityGlobals) = postSolution
		SolutionGuid = {AB6A03BD-6436-46FB-80E6-EA292F1EC495}
	EndGlobalSection
EndGlobal
